// !$*UTF8*$!
{
	archiveVersion = 1;
	classes = {
	};
	objectVersion = 51;
	objects = {

/* Begin PBXBuildFile section */
		450E5D8423F8241700ABD626 /* DataService.swift in Sources */ = {isa = PBXBuildFile; fileRef = 450E5D8323F8241700ABD626 /* DataService.swift */; };
		456CF27A23F7EE0F00ADDC9C /* AppDelegate.swift in Sources */ = {isa = PBXBuildFile; fileRef = 456CF27923F7EE0F00ADDC9C /* AppDelegate.swift */; };
		456CF27C23F7EE0F00ADDC9C /* SceneDelegate.swift in Sources */ = {isa = PBXBuildFile; fileRef = 456CF27B23F7EE0F00ADDC9C /* SceneDelegate.swift */; };
		456CF27E23F7EE0F00ADDC9C /* FirstViewController.swift in Sources */ = {isa = PBXBuildFile; fileRef = 456CF27D23F7EE0F00ADDC9C /* FirstViewController.swift */; };
		456CF28023F7EE0F00ADDC9C /* SecondViewController.swift in Sources */ = {isa = PBXBuildFile; fileRef = 456CF27F23F7EE0F00ADDC9C /* SecondViewController.swift */; };
		456CF28323F7EE0F00ADDC9C /* Main.storyboard in Resources */ = {isa = PBXBuildFile; fileRef = 456CF28123F7EE0F00ADDC9C /* Main.storyboard */; };
		456CF28523F7EE1400ADDC9C /* Assets.xcassets in Resources */ = {isa = PBXBuildFile; fileRef = 456CF28423F7EE1400ADDC9C /* Assets.xcassets */; };
		456CF28823F7EE1400ADDC9C /* LaunchScreen.storyboard in Resources */ = {isa = PBXBuildFile; fileRef = 456CF28623F7EE1400ADDC9C /* LaunchScreen.storyboard */; };
		456CF29323F81B4D00ADDC9C /* GoogleService-Info.plist in Resources */ = {isa = PBXBuildFile; fileRef = 456CF29223F81B4D00ADDC9C /* GoogleService-Info.plist */; };
		74415A4F85D7474738272B6A /* Pods_TechFeed.framework in Frameworks */ = {isa = PBXBuildFile; fileRef = C59198AB2457E89DB452360C /* Pods_TechFeed.framework */; };
/* End PBXBuildFile section */

/* Begin PBXFileReference section */
		42E24A2AC7F79C251746AAF6 /* Pods-TechFeed.debug.xcconfig */ = {isa = PBXFileReference; includeInIndex = 1; lastKnownFileType = text.xcconfig; name = "Pods-TechFeed.debug.xcconfig"; path = "Target Support Files/Pods-TechFeed/Pods-TechFeed.debug.xcconfig"; sourceTree = "<group>"; };
		450E5D8323F8241700ABD626 /* DataService.swift */ = {isa = PBXFileReference; lastKnownFileType = sourcecode.swift; path = DataService.swift; sourceTree = "<group>"; };
		456CF27623F7EE0F00ADDC9C /* Tech Feed.app */ = {isa = PBXFileReference; explicitFileType = wrapper.application; includeInIndex = 0; path = "Tech Feed.app"; sourceTree = BUILT_PRODUCTS_DIR; };
		456CF27923F7EE0F00ADDC9C /* AppDelegate.swift */ = {isa = PBXFileReference; lastKnownFileType = sourcecode.swift; path = AppDelegate.swift; sourceTree = "<group>"; };
		456CF27B23F7EE0F00ADDC9C /* SceneDelegate.swift */ = {isa = PBXFileReference; lastKnownFileType = sourcecode.swift; path = SceneDelegate.swift; sourceTree = "<group>"; };
		456CF27D23F7EE0F00ADDC9C /* FirstViewController.swift */ = {isa = PBXFileReference; lastKnownFileType = sourcecode.swift; path = FirstViewController.swift; sourceTree = "<group>"; };
		456CF27F23F7EE0F00ADDC9C /* SecondViewController.swift */ = {isa = PBXFileReference; lastKnownFileType = sourcecode.swift; path = SecondViewController.swift; sourceTree = "<group>"; };
		456CF28223F7EE0F00ADDC9C /* Base */ = {isa = PBXFileReference; lastKnownFileType = file.storyboard; name = Base; path = Base.lproj/Main.storyboard; sourceTree = "<group>"; };
		456CF28423F7EE1400ADDC9C /* Assets.xcassets */ = {isa = PBXFileReference; lastKnownFileType = folder.assetcatalog; path = Assets.xcassets; sourceTree = "<group>"; };
		456CF28723F7EE1400ADDC9C /* Base */ = {isa = PBXFileReference; lastKnownFileType = file.storyboard; name = Base; path = Base.lproj/LaunchScreen.storyboard; sourceTree = "<group>"; };
		456CF28923F7EE1400ADDC9C /* Info.plist */ = {isa = PBXFileReference; lastKnownFileType = text.plist.xml; path = Info.plist; sourceTree = "<group>"; };
		456CF29223F81B4D00ADDC9C /* GoogleService-Info.plist */ = {isa = PBXFileReference; fileEncoding = 4; lastKnownFileType = text.plist.xml; path = "GoogleService-Info.plist"; sourceTree = "<group>"; };
		C59198AB2457E89DB452360C /* Pods_TechFeed.framework */ = {isa = PBXFileReference; explicitFileType = wrapper.framework; includeInIndex = 0; path = Pods_TechFeed.framework; sourceTree = BUILT_PRODUCTS_DIR; };
		E0CE1ED16ADDA14CBABCACCA /* Pods-TechFeed.release.xcconfig */ = {isa = PBXFileReference; includeInIndex = 1; lastKnownFileType = text.xcconfig; name = "Pods-TechFeed.release.xcconfig"; path = "Target Support Files/Pods-TechFeed/Pods-TechFeed.release.xcconfig"; sourceTree = "<group>"; };
/* End PBXFileReference section */

/* Begin PBXFrameworksBuildPhase section */
		456CF27323F7EE0F00ADDC9C /* Frameworks */ = {
			isa = PBXFrameworksBuildPhase;
			buildActionMask = 2147483647;
			files = (
				74415A4F85D7474738272B6A /* Pods_TechFeed.framework in Frameworks */,
			);
			runOnlyForDeploymentPostprocessing = 0;
		};
/* End PBXFrameworksBuildPhase section */

/* Begin PBXGroup section */
		450E5D8223F823CC00ABD626 /* Services */ = {
			isa = PBXGroup;
			children = (
				450E5D8323F8241700ABD626 /* DataService.swift */,
			);
			path = Services;
			sourceTree = "<group>";
		};
		456CF26D23F7EE0F00ADDC9C = {
			isa = PBXGroup;
			children = (
				456CF27823F7EE0F00ADDC9C /* TechFeed */,
				456CF27723F7EE0F00ADDC9C /* Products */,
				D96EA1D06986FD6E4CE807A1 /* Pods */,
				6DE42E8210A422065E8E2826 /* Frameworks */,
			);
			sourceTree = "<group>";
		};
		456CF27723F7EE0F00ADDC9C /* Products */ = {
			isa = PBXGroup;
			children = (
				456CF27623F7EE0F00ADDC9C /* Tech Feed.app */,
			);
			name = Products;
			sourceTree = "<group>";
		};
		456CF27823F7EE0F00ADDC9C /* TechFeed */ = {
			isa = PBXGroup;
			children = (
				450E5D8223F823CC00ABD626 /* Services */,
				456CF29123F7EE6700ADDC9C /* Model */,
				456CF29023F7EE5F00ADDC9C /* View */,
				456CF28F23F7EE5100ADDC9C /* Controller */,
				456CF27923F7EE0F00ADDC9C /* AppDelegate.swift */,
				456CF27B23F7EE0F00ADDC9C /* SceneDelegate.swift */,
				456CF28123F7EE0F00ADDC9C /* Main.storyboard */,
				456CF28423F7EE1400ADDC9C /* Assets.xcassets */,
				456CF28623F7EE1400ADDC9C /* LaunchScreen.storyboard */,
				456CF28923F7EE1400ADDC9C /* Info.plist */,
				456CF29223F81B4D00ADDC9C /* GoogleService-Info.plist */,
			);
			path = TechFeed;
			sourceTree = "<group>";
		};
		456CF28F23F7EE5100ADDC9C /* Controller */ = {
			isa = PBXGroup;
			children = (
				456CF27D23F7EE0F00ADDC9C /* FirstViewController.swift */,
				456CF27F23F7EE0F00ADDC9C /* SecondViewController.swift */,
			);
			path = Controller;
			sourceTree = "<group>";
		};
		456CF29023F7EE5F00ADDC9C /* View */ = {
			isa = PBXGroup;
			children = (
			);
			path = View;
			sourceTree = "<group>";
		};
		456CF29123F7EE6700ADDC9C /* Model */ = {
			isa = PBXGroup;
			children = (
			);
			path = Model;
			sourceTree = "<group>";
		};
		6DE42E8210A422065E8E2826 /* Frameworks */ = {
			isa = PBXGroup;
			children = (
				C59198AB2457E89DB452360C /* Pods_TechFeed.framework */,
			);
			name = Frameworks;
			sourceTree = "<group>";
		};
		D96EA1D06986FD6E4CE807A1 /* Pods */ = {
			isa = PBXGroup;
			children = (
				42E24A2AC7F79C251746AAF6 /* Pods-TechFeed.debug.xcconfig */,
				E0CE1ED16ADDA14CBABCACCA /* Pods-TechFeed.release.xcconfig */,
			);
			path = Pods;
			sourceTree = "<group>";
		};
/* End PBXGroup section */

/* Begin PBXNativeTarget section */
		456CF27523F7EE0F00ADDC9C /* TechFeed */ = {
			isa = PBXNativeTarget;
			buildConfigurationList = 456CF28C23F7EE1400ADDC9C /* Build configuration list for PBXNativeTarget "TechFeed" */;
			buildPhases = (
				53027E99A6ED2954D885D868 /* [CP] Check Pods Manifest.lock */,
				456CF27223F7EE0F00ADDC9C /* Sources */,
				456CF27323F7EE0F00ADDC9C /* Frameworks */,
				456CF27423F7EE0F00ADDC9C /* Resources */,
				E72D6B62680267C05821AA3A /* [CP] Embed Pods Frameworks */,
			);
			buildRules = (
			);
			dependencies = (
			);
			name = TechFeed;
			productName = TechFeed;
			productReference = 456CF27623F7EE0F00ADDC9C /* Tech Feed.app */;
			productType = "com.apple.product-type.application";
		};
/* End PBXNativeTarget section */

/* Begin PBXProject section */
		456CF26E23F7EE0F00ADDC9C /* Project object */ = {
			isa = PBXProject;
			attributes = {
				LastSwiftUpdateCheck = 1130;
				LastUpgradeCheck = 1130;
				ORGANIZATIONNAME = "Sunimal Herath";
				TargetAttributes = {
					456CF27523F7EE0F00ADDC9C = {
						CreatedOnToolsVersion = 11.3.1;
					};
				};
			};
			buildConfigurationList = 456CF27123F7EE0F00ADDC9C /* Build configuration list for PBXProject "TechFeed" */;
			compatibilityVersion = "Xcode 9.3";
			developmentRegion = en;
			hasScannedForEncodings = 0;
			knownRegions = (
				en,
				Base,
			);
			mainGroup = 456CF26D23F7EE0F00ADDC9C;
			productRefGroup = 456CF27723F7EE0F00ADDC9C /* Products */;
			projectDirPath = "";
			projectRoot = "";
			targets = (
				456CF27523F7EE0F00ADDC9C /* TechFeed */,
			);
		};
/* End PBXProject section */

/* Begin PBXResourcesBuildPhase section */
		456CF27423F7EE0F00ADDC9C /* Resources */ = {
			isa = PBXResourcesBuildPhase;
			buildActionMask = 2147483647;
			files = (
				456CF28823F7EE1400ADDC9C /* LaunchScreen.storyboard in Resources */,
				456CF29323F81B4D00ADDC9C /* GoogleService-Info.plist in Resources */,
				456CF28523F7EE1400ADDC9C /* Assets.xcassets in Resources */,
				456CF28323F7EE0F00ADDC9C /* Main.storyboard in Resources */,
			);
			runOnlyForDeploymentPostprocessing = 0;
		};
/* End PBXResourcesBuildPhase section */

/* Begin PBXShellScriptBuildPhase section */
		53027E99A6ED2954D885D868 /* [CP] Check Pods Manifest.lock */ = {
			isa = PBXShellScriptBuildPhase;
			buildActionMask = 2147483647;
			files = (
			);
			inputFileListPaths = (
			);
			inputPaths = (
				"${PODS_PODFILE_DIR_PATH}/Podfile.lock",
				"${PODS_ROOT}/Manifest.lock",
			);
			name = "[CP] Check Pods Manifest.lock";
			outputFileListPaths = (
			);
			outputPaths = (
				"$(DERIVED_FILE_DIR)/Pods-TechFeed-checkManifestLockResult.txt",
			);
			runOnlyForDeploymentPostprocessing = 0;
			shellPath = /bin/sh;
			shellScript = "diff \"${PODS_PODFILE_DIR_PATH}/Podfile.lock\" \"${PODS_ROOT}/Manifest.lock\" > /dev/null\nif [ $? != 0 ] ; then\n    # print error to STDERR\n    echo \"error: The sandbox is not in sync with the Podfile.lock. Run 'pod install' or update your CocoaPods installation.\" >&2\n    exit 1\nfi\n# This output is used by Xcode 'outputs' to avoid re-running this script phase.\necho \"SUCCESS\" > \"${SCRIPT_OUTPUT_FILE_0}\"\n";
			showEnvVarsInLog = 0;
		};
		E72D6B62680267C05821AA3A /* [CP] Embed Pods Frameworks */ = {
			isa = PBXShellScriptBuildPhase;
			buildActionMask = 2147483647;
			files = (
			);
			inputFileListPaths = (
				"${PODS_ROOT}/Target Support Files/Pods-TechFeed/Pods-TechFeed-frameworks-${CONFIGURATION}-input-files.xcfilelist",
			);
			name = "[CP] Embed Pods Frameworks";
			outputFileListPaths = (
				"${PODS_ROOT}/Target Support Files/Pods-TechFeed/Pods-TechFeed-frameworks-${CONFIGURATION}-output-files.xcfilelist",
			);
			runOnlyForDeploymentPostprocessing = 0;
			shellPath = /bin/sh;
			shellScript = "\"${PODS_ROOT}/Target Support Files/Pods-TechFeed/Pods-TechFeed-frameworks.sh\"\n";
			showEnvVarsInLog = 0;
		};
/* End PBXShellScriptBuildPhase section */

/* Begin PBXSourcesBuildPhase section */
		456CF27223F7EE0F00ADDC9C /* Sources */ = {
			isa = PBXSourcesBuildPhase;
			buildActionMask = 2147483647;
			files = (
				456CF28023F7EE0F00ADDC9C /* SecondViewController.swift in Sources */,
				456CF27E23F7EE0F00ADDC9C /* FirstViewController.swift in Sources */,
				456CF27A23F7EE0F00ADDC9C /* AppDelegate.swift in Sources */,
				456CF27C23F7EE0F00ADDC9C /* SceneDelegate.swift in Sources */,
				450E5D8423F8241700ABD626 /* DataService.swift in Sources */,
			);
			runOnlyForDeploymentPostprocessing = 0;
		};
/* End PBXSourcesBuildPhase section */

/* Begin PBXVariantGroup section */
		456CF28123F7EE0F00ADDC9C /* Main.storyboard */ = {
			isa = PBXVariantGroup;
			children = (
				456CF28223F7EE0F00ADDC9C /* Base */,
			);
			name = Main.storyboard;
			sourceTree = "<group>";
		};
		456CF28623F7EE1400ADDC9C /* LaunchScreen.storyboard */ = {
			isa = PBXVariantGroup;
			children = (
				456CF28723F7EE1400ADDC9C /* Base */,
			);
			name = LaunchScreen.storyboard;
			sourceTree = "<group>";
		};
/* End PBXVariantGroup section */

/* Begin XCBuildConfiguration section */
		456CF28A23F7EE1400ADDC9C /* Debug */ = {
			isa = XCBuildConfiguration;
			buildSettings = {
				ALWAYS_SEARCH_USER_PATHS = NO;
				CLANG_ANALYZER_NONNULL = YES;
				CLANG_ANALYZER_NUMBER_OBJECT_CONVERSION = YES_AGGRESSIVE;
				CLANG_CXX_LANGUAGE_STANDARD = "gnu++14";
				CLANG_CXX_LIBRARY = "libc++";
				CLANG_ENABLE_MODULES = YES;
				CLANG_ENABLE_OBJC_ARC = YES;
				CLANG_ENABLE_OBJC_WEAK = YES;
				CLANG_WARN_BLOCK_CAPTURE_AUTORELEASING = YES;
				CLANG_WARN_BOOL_CONVERSION = YES;
				CLANG_WARN_COMMA = YES;
				CLANG_WARN_CONSTANT_CONVERSION = YES;
				CLANG_WARN_DEPRECATED_OBJC_IMPLEMENTATIONS = YES;
				CLANG_WARN_DIRECT_OBJC_ISA_USAGE = YES_ERROR;
				CLANG_WARN_DOCUMENTATION_COMMENTS = YES;
				CLANG_WARN_EMPTY_BODY = YES;
				CLANG_WARN_ENUM_CONVERSION = YES;
				CLANG_WARN_INFINITE_RECURSION = YES;
				CLANG_WARN_INT_CONVERSION = YES;
				CLANG_WARN_NON_LITERAL_NULL_CONVERSION = YES;
				CLANG_WARN_OBJC_IMPLICIT_RETAIN_SELF = YES;
				CLANG_WARN_OBJC_LITERAL_CONVERSION = YES;
				CLANG_WARN_OBJC_ROOT_CLASS = YES_ERROR;
				CLANG_WARN_RANGE_LOOP_ANALYSIS = YES;
				CLANG_WARN_STRICT_PROTOTYPES = YES;
				CLANG_WARN_SUSPICIOUS_MOVE = YES;
				CLANG_WARN_UNGUARDED_AVAILABILITY = YES_AGGRESSIVE;
				CLANG_WARN_UNREACHABLE_CODE = YES;
				CLANG_WARN__DUPLICATE_METHOD_MATCH = YES;
				COPY_PHASE_STRIP = NO;
				DEBUG_INFORMATION_FORMAT = dwarf;
				ENABLE_STRICT_OBJC_MSGSEND = YES;
				ENABLE_TESTABILITY = YES;
				GCC_C_LANGUAGE_STANDARD = gnu11;
				GCC_DYNAMIC_NO_PIC = NO;
				GCC_NO_COMMON_BLOCKS = YES;
				GCC_OPTIMIZATION_LEVEL = 0;
				GCC_PREPROCESSOR_DEFINITIONS = (
					"DEBUG=1",
					"$(inherited)",
				);
				GCC_WARN_64_TO_32_BIT_CONVERSION = YES;
				GCC_WARN_ABOUT_RETURN_TYPE = YES_ERROR;
				GCC_WARN_UNDECLARED_SELECTOR = YES;
				GCC_WARN_UNINITIALIZED_AUTOS = YES_AGGRESSIVE;
				GCC_WARN_UNUSED_FUNCTION = YES;
				GCC_WARN_UNUSED_VARIABLE = YES;
				IPHONEOS_DEPLOYMENT_TARGET = 13.2;
				MTL_ENABLE_DEBUG_INFO = INCLUDE_SOURCE;
				MTL_FAST_MATH = YES;
				ONLY_ACTIVE_ARCH = YES;
				SDKROOT = iphoneos;
				SWIFT_ACTIVE_COMPILATION_CONDITIONS = DEBUG;
				SWIFT_OPTIMIZATION_LEVEL = "-Onone";
			};
			name = Debug;
		};
		456CF28B23F7EE1400ADDC9C /* Release */ = {
			isa = XCBuildConfiguration;
			buildSettings = {
				ALWAYS_SEARCH_USER_PATHS = NO;
				CLANG_ANALYZER_NONNULL = YES;
				CLANG_ANALYZER_NUMBER_OBJECT_CONVERSION = YES_AGGRESSIVE;
				CLANG_CXX_LANGUAGE_STANDARD = "gnu++14";
				CLANG_CXX_LIBRARY = "libc++";
				CLANG_ENABLE_MODULES = YES;
				CLANG_ENABLE_OBJC_ARC = YES;
				CLANG_ENABLE_OBJC_WEAK = YES;
				CLANG_WARN_BLOCK_CAPTURE_AUTORELEASING = YES;
				CLANG_WARN_BOOL_CONVERSION = YES;
				CLANG_WARN_COMMA = YES;
				CLANG_WARN_CONSTANT_CONVERSION = YES;
				CLANG_WARN_DEPRECATED_OBJC_IMPLEMENTATIONS = YES;
				CLANG_WARN_DIRECT_OBJC_ISA_USAGE = YES_ERROR;
				CLANG_WARN_DOCUMENTATION_COMMENTS = YES;
				CLANG_WARN_EMPTY_BODY = YES;
				CLANG_WARN_ENUM_CONVERSION = YES;
				CLANG_WARN_INFINITE_RECURSION = YES;
				CLANG_WARN_INT_CONVERSION = YES;
				CLANG_WARN_NON_LITERAL_NULL_CONVERSION = YES;
				CLANG_WARN_OBJC_IMPLICIT_RETAIN_SELF = YES;
				CLANG_WARN_OBJC_LITERAL_CONVERSION = YES;
				CLANG_WARN_OBJC_ROOT_CLASS = YES_ERROR;
				CLANG_WARN_RANGE_LOOP_ANALYSIS = YES;
				CLANG_WARN_STRICT_PROTOTYPES = YES;
				CLANG_WARN_SUSPICIOUS_MOVE = YES;
				CLANG_WARN_UNGUARDED_AVAILABILITY = YES_AGGRESSIVE;
				CLANG_WARN_UNREACHABLE_CODE = YES;
				CLANG_WARN__DUPLICATE_METHOD_MATCH = YES;
				COPY_PHASE_STRIP = NO;
				DEBUG_INFORMATION_FORMAT = "dwarf-with-dsym";
				ENABLE_NS_ASSERTIONS = NO;
				ENABLE_STRICT_OBJC_MSGSEND = YES;
				GCC_C_LANGUAGE_STANDARD = gnu11;
				GCC_NO_COMMON_BLOCKS = YES;
				GCC_WARN_64_TO_32_BIT_CONVERSION = YES;
				GCC_WARN_ABOUT_RETURN_TYPE = YES_ERROR;
				GCC_WARN_UNDECLARED_SELECTOR = YES;
				GCC_WARN_UNINITIALIZED_AUTOS = YES_AGGRESSIVE;
				GCC_WARN_UNUSED_FUNCTION = YES;
				GCC_WARN_UNUSED_VARIABLE = YES;
				IPHONEOS_DEPLOYMENT_TARGET = 13.2;
				MTL_ENABLE_DEBUG_INFO = NO;
				MTL_FAST_MATH = YES;
				SDKROOT = iphoneos;
				SWIFT_COMPILATION_MODE = wholemodule;
				SWIFT_OPTIMIZATION_LEVEL = "-O";
				VALIDATE_PRODUCT = YES;
			};
			name = Release;
		};
		456CF28D23F7EE1400ADDC9C /* Debug */ = {
			isa = XCBuildConfiguration;
			baseConfigurationReference = 42E24A2AC7F79C251746AAF6 /* Pods-TechFeed.debug.xcconfig */;
			buildSettings = {
				ASSETCATALOG_COMPILER_APPICON_NAME = AppIcon;
				CODE_SIGN_STYLE = Automatic;
				DEVELOPMENT_TEAM = 8TT3935U7A;
				INFOPLIST_FILE = TechFeed/Info.plist;
				IPHONEOS_DEPLOYMENT_TARGET = 12.4;
				LD_RUNPATH_SEARCH_PATHS = (
					"$(inherited)",
					"@executable_path/Frameworks",
				);
				PRODUCT_BUNDLE_IDENTIFIER = com.cod3breaker.TechFeed;
				PRODUCT_NAME = "Tech Feed";
				SWIFT_VERSION = 5.0;
				TARGETED_DEVICE_FAMILY = 1;
			};
			name = Debug;
		};
		456CF28E23F7EE1400ADDC9C /* Release */ = {
			isa = XCBuildConfiguration;
			baseConfigurationReference = E0CE1ED16ADDA14CBABCACCA /* Pods-TechFeed.release.xcconfig */;
			buildSettings = {
				ASSETCATALOG_COMPILER_APPICON_NAME = AppIcon;
				CODE_SIGN_STYLE = Automatic;
				DEVELOPMENT_TEAM = 8TT3935U7A;
				INFOPLIST_FILE = TechFeed/Info.plist;
				IPHONEOS_DEPLOYMENT_TARGET = 12.4;
				LD_RUNPATH_SEARCH_PATHS = (
					"$(inherited)",
					"@executable_path/Frameworks",
				);
				PRODUCT_BUNDLE_IDENTIFIER = com.cod3breaker.TechFeed;
				PRODUCT_NAME = "Tech Feed";
				SWIFT_VERSION = 5.0;
				TARGETED_DEVICE_FAMILY = 1;
			};
			name = Release;
		};
/* End XCBuildConfiguration section */

/* Begin XCConfigurationList section */
		456CF27123F7EE0F00ADDC9C /* Build configuration list for PBXProject "TechFeed" */ = {
			isa = XCConfigurationList;
			buildConfigurations = (
				456CF28A23F7EE1400ADDC9C /* Debug */,
				456CF28B23F7EE1400ADDC9C /* Release */,
			);
			defaultConfigurationIsVisible = 0;
			defaultConfigurationName = Release;
		};
		456CF28C23F7EE1400ADDC9C /* Build configuration list for PBXNativeTarget "TechFeed" */ = {
			isa = XCConfigurationList;
			buildConfigurations = (
				456CF28D23F7EE1400ADDC9C /* Debug */,
				456CF28E23F7EE1400ADDC9C /* Release */,
			);
			defaultConfigurationIsVisible = 0;
			defaultConfigurationName = Release;
		};
/* End XCConfigurationList section */
	};
	rootObject = 456CF26E23F7EE0F00ADDC9C /* Project object */;
}
